// !$*UTF8*$!
{
	archiveVersion = 1;
	classes = {
	};
	objectVersion = 56;
	objects = {

/* Begin PBXBuildFile section */
		761E95EF2A41671E003D677E /* TodosVM_Closure.swift in Sources */ = {isa = PBXBuildFile; fileRef = 761E95EE2A41671E003D677E /* TodosVM_Closure.swift */; };
		761E95F52A417FFA003D677E /* URL+Ext.swift in Sources */ = {isa = PBXBuildFile; fileRef = 761E95F42A417FFA003D677E /* URL+Ext.swift */; };
		761E95F82A41831A003D677E /* MultipartForm in Frameworks */ = {isa = PBXBuildFile; productRef = 761E95F72A41831A003D677E /* MultipartForm */; };
		761E95FA2A42D3B7003D677E /* URLRequest+Ext.swift in Sources */ = {isa = PBXBuildFile; fileRef = 761E95F92A42D3B7003D677E /* URLRequest+Ext.swift */; };
		761E95FC2A440E67003D677E /* EditVC.swift in Sources */ = {isa = PBXBuildFile; fileRef = 761E95FB2A440E67003D677E /* EditVC.swift */; };
		761E95FD2A4419A2003D677E /* Main.storyboard in Resources */ = {isa = PBXBuildFile; fileRef = 76739F512A319CA90067E130 /* Main.storyboard */; };
		76536E2B2A80A97900716881 /* RxCocoa in Frameworks */ = {isa = PBXBuildFile; productRef = 76536E2A2A80A97900716881 /* RxCocoa */; };
		76536E2D2A80A97900716881 /* RxRelay in Frameworks */ = {isa = PBXBuildFile; productRef = 76536E2C2A80A97900716881 /* RxRelay */; };
		76536E2F2A80A97900716881 /* RxSwift in Frameworks */ = {isa = PBXBuildFile; productRef = 76536E2E2A80A97900716881 /* RxSwift */; };
		76536E312A80A98E00716881 /* TodosVM_Rx.swift in Sources */ = {isa = PBXBuildFile; fileRef = 76536E302A80A98E00716881 /* TodosVM_Rx.swift */; };
		76633F9E2A55369B0076B7CD /* ErrorResponse.swift in Sources */ = {isa = PBXBuildFile; fileRef = 76633F9D2A55369B0076B7CD /* ErrorResponse.swift */; };
		76739F4C2A319CA90067E130 /* AppDelegate.swift in Sources */ = {isa = PBXBuildFile; fileRef = 76739F4B2A319CA90067E130 /* AppDelegate.swift */; };
		76739F4E2A319CA90067E130 /* SceneDelegate.swift in Sources */ = {isa = PBXBuildFile; fileRef = 76739F4D2A319CA90067E130 /* SceneDelegate.swift */; };
		76739F502A319CA90067E130 /* MainVC.swift in Sources */ = {isa = PBXBuildFile; fileRef = 76739F4F2A319CA90067E130 /* MainVC.swift */; };
		76739F552A319CAA0067E130 /* Assets.xcassets in Resources */ = {isa = PBXBuildFile; fileRef = 76739F542A319CAA0067E130 /* Assets.xcassets */; };
		76739F582A319CAA0067E130 /* LaunchScreen.storyboard in Resources */ = {isa = PBXBuildFile; fileRef = 76739F562A319CAA0067E130 /* LaunchScreen.storyboard */; };
		76739F622A31A9100067E130 /* PlusVC.swift in Sources */ = {isa = PBXBuildFile; fileRef = 76739F612A31A9100067E130 /* PlusVC.swift */; };
		76739F642A36DA470067E130 /* TodoResponse.swift in Sources */ = {isa = PBXBuildFile; fileRef = 76739F632A36DA470067E130 /* TodoResponse.swift */; };
		76739F662A36DB070067E130 /* TodosAPI.swift in Sources */ = {isa = PBXBuildFile; fileRef = 76739F652A36DB070067E130 /* TodosAPI.swift */; };
		76739F682A36DD360067E130 /* TodosAPI+Closure.swift in Sources */ = {isa = PBXBuildFile; fileRef = 76739F672A36DD360067E130 /* TodosAPI+Closure.swift */; };
		76739F722A36FB000067E130 /* ReuseIdentifiable.swift in Sources */ = {isa = PBXBuildFile; fileRef = 76739F712A36FB000067E130 /* ReuseIdentifiable.swift */; };
		76739F742A36FB210067E130 /* Nibbed.swift in Sources */ = {isa = PBXBuildFile; fileRef = 76739F732A36FB210067E130 /* Nibbed.swift */; };
		768BF70E2A457A51005B5E7C /* TodoTableViewCell.swift in Sources */ = {isa = PBXBuildFile; fileRef = 768BF70C2A457A51005B5E7C /* TodoTableViewCell.swift */; };
		768BF70F2A457A51005B5E7C /* TodoTableViewCell.xib in Resources */ = {isa = PBXBuildFile; fileRef = 768BF70D2A457A51005B5E7C /* TodoTableViewCell.xib */; };
/* End PBXBuildFile section */

/* Begin PBXFileReference section */
		761E95EE2A41671E003D677E /* TodosVM_Closure.swift */ = {isa = PBXFileReference; lastKnownFileType = sourcecode.swift; path = TodosVM_Closure.swift; sourceTree = "<group>"; };
		761E95F42A417FFA003D677E /* URL+Ext.swift */ = {isa = PBXFileReference; lastKnownFileType = sourcecode.swift; path = "URL+Ext.swift"; sourceTree = "<group>"; };
		761E95F92A42D3B7003D677E /* URLRequest+Ext.swift */ = {isa = PBXFileReference; lastKnownFileType = sourcecode.swift; path = "URLRequest+Ext.swift"; sourceTree = "<group>"; };
		761E95FB2A440E67003D677E /* EditVC.swift */ = {isa = PBXFileReference; lastKnownFileType = sourcecode.swift; path = EditVC.swift; sourceTree = "<group>"; };
		76536E302A80A98E00716881 /* TodosVM_Rx.swift */ = {isa = PBXFileReference; lastKnownFileType = sourcecode.swift; path = TodosVM_Rx.swift; sourceTree = "<group>"; };
		76633F9D2A55369B0076B7CD /* ErrorResponse.swift */ = {isa = PBXFileReference; lastKnownFileType = sourcecode.swift; path = ErrorResponse.swift; sourceTree = "<group>"; };
		76739F482A319CA90067E130 /* TodoApp.app */ = {isa = PBXFileReference; explicitFileType = wrapper.application; includeInIndex = 0; path = TodoApp.app; sourceTree = BUILT_PRODUCTS_DIR; };
		76739F4B2A319CA90067E130 /* AppDelegate.swift */ = {isa = PBXFileReference; lastKnownFileType = sourcecode.swift; path = AppDelegate.swift; sourceTree = "<group>"; };
		76739F4D2A319CA90067E130 /* SceneDelegate.swift */ = {isa = PBXFileReference; lastKnownFileType = sourcecode.swift; path = SceneDelegate.swift; sourceTree = "<group>"; };
		76739F4F2A319CA90067E130 /* MainVC.swift */ = {isa = PBXFileReference; lastKnownFileType = sourcecode.swift; path = MainVC.swift; sourceTree = "<group>"; };
		76739F522A319CA90067E130 /* Base */ = {isa = PBXFileReference; lastKnownFileType = file.storyboard; name = Base; path = Base.lproj/Main.storyboard; sourceTree = "<group>"; };
		76739F542A319CAA0067E130 /* Assets.xcassets */ = {isa = PBXFileReference; lastKnownFileType = folder.assetcatalog; path = Assets.xcassets; sourceTree = "<group>"; };
		76739F572A319CAA0067E130 /* Base */ = {isa = PBXFileReference; lastKnownFileType = file.storyboard; name = Base; path = Base.lproj/LaunchScreen.storyboard; sourceTree = "<group>"; };
		76739F592A319CAA0067E130 /* Info.plist */ = {isa = PBXFileReference; lastKnownFileType = text.plist.xml; path = Info.plist; sourceTree = "<group>"; };
		76739F612A31A9100067E130 /* PlusVC.swift */ = {isa = PBXFileReference; lastKnownFileType = sourcecode.swift; path = PlusVC.swift; sourceTree = "<group>"; };
		76739F632A36DA470067E130 /* TodoResponse.swift */ = {isa = PBXFileReference; lastKnownFileType = sourcecode.swift; path = TodoResponse.swift; sourceTree = "<group>"; };
		76739F652A36DB070067E130 /* TodosAPI.swift */ = {isa = PBXFileReference; lastKnownFileType = sourcecode.swift; path = TodosAPI.swift; sourceTree = "<group>"; };
		76739F672A36DD360067E130 /* TodosAPI+Closure.swift */ = {isa = PBXFileReference; lastKnownFileType = sourcecode.swift; path = "TodosAPI+Closure.swift"; sourceTree = "<group>"; };
		76739F712A36FB000067E130 /* ReuseIdentifiable.swift */ = {isa = PBXFileReference; lastKnownFileType = sourcecode.swift; path = ReuseIdentifiable.swift; sourceTree = "<group>"; };
		76739F732A36FB210067E130 /* Nibbed.swift */ = {isa = PBXFileReference; lastKnownFileType = sourcecode.swift; path = Nibbed.swift; sourceTree = "<group>"; };
		768BF70C2A457A51005B5E7C /* TodoTableViewCell.swift */ = {isa = PBXFileReference; lastKnownFileType = sourcecode.swift; path = TodoTableViewCell.swift; sourceTree = "<group>"; };
		768BF70D2A457A51005B5E7C /* TodoTableViewCell.xib */ = {isa = PBXFileReference; lastKnownFileType = file.xib; path = TodoTableViewCell.xib; sourceTree = "<group>"; };
/* End PBXFileReference section */

/* Begin PBXFrameworksBuildPhase section */
		76739F452A319CA90067E130 /* Frameworks */ = {
			isa = PBXFrameworksBuildPhase;
			buildActionMask = 2147483647;
			files = (
				76536E2D2A80A97900716881 /* RxRelay in Frameworks */,
				76536E2B2A80A97900716881 /* RxCocoa in Frameworks */,
				76536E2F2A80A97900716881 /* RxSwift in Frameworks */,
				761E95F82A41831A003D677E /* MultipartForm in Frameworks */,
			);
			runOnlyForDeploymentPostprocessing = 0;
		};
/* End PBXFrameworksBuildPhase section */

/* Begin PBXGroup section */
		761E95F02A417F9F003D677E /* View */ = {
			isa = PBXGroup;
			children = (
				76739F612A31A9100067E130 /* PlusVC.swift */,
				761E95FB2A440E67003D677E /* EditVC.swift */,
				761E95EE2A41671E003D677E /* TodosVM_Closure.swift */,
				76536E302A80A98E00716881 /* TodosVM_Rx.swift */,
				76739F512A319CA90067E130 /* Main.storyboard */,
				76739F4F2A319CA90067E130 /* MainVC.swift */,
				768BF70D2A457A51005B5E7C /* TodoTableViewCell.xib */,
				768BF70C2A457A51005B5E7C /* TodoTableViewCell.swift */,
			);
			path = View;
			sourceTree = "<group>";
		};
		761E95F12A417FC2003D677E /* Data */ = {
			isa = PBXGroup;
			children = (
				76739F632A36DA470067E130 /* TodoResponse.swift */,
				76633F9D2A55369B0076B7CD /* ErrorResponse.swift */,
			);
			path = Data;
			sourceTree = "<group>";
		};
		761E95F22A417FCF003D677E /* API */ = {
			isa = PBXGroup;
			children = (
				76739F652A36DB070067E130 /* TodosAPI.swift */,
				76739F672A36DD360067E130 /* TodosAPI+Closure.swift */,
			);
			path = API;
			sourceTree = "<group>";
		};
		761E95F32A417FEC003D677E /* Extensions */ = {
			isa = PBXGroup;
			children = (
				761E95F42A417FFA003D677E /* URL+Ext.swift */,
				761E95F92A42D3B7003D677E /* URLRequest+Ext.swift */,
				76739F712A36FB000067E130 /* ReuseIdentifiable.swift */,
				76739F732A36FB210067E130 /* Nibbed.swift */,
			);
			path = Extensions;
			sourceTree = "<group>";
		};
		76739F3F2A319CA90067E130 = {
			isa = PBXGroup;
			children = (
				76739F4A2A319CA90067E130 /* TodoApp */,
				76739F492A319CA90067E130 /* Products */,
			);
			sourceTree = "<group>";
		};
		76739F492A319CA90067E130 /* Products */ = {
			isa = PBXGroup;
			children = (
				76739F482A319CA90067E130 /* TodoApp.app */,
			);
			name = Products;
			sourceTree = "<group>";
		};
		76739F4A2A319CA90067E130 /* TodoApp */ = {
			isa = PBXGroup;
			children = (
				76739F4B2A319CA90067E130 /* AppDelegate.swift */,
				76739F4D2A319CA90067E130 /* SceneDelegate.swift */,
				761E95F32A417FEC003D677E /* Extensions */,
				761E95F12A417FC2003D677E /* Data */,
				761E95F02A417F9F003D677E /* View */,
				761E95F22A417FCF003D677E /* API */,
				76739F542A319CAA0067E130 /* Assets.xcassets */,
				76739F562A319CAA0067E130 /* LaunchScreen.storyboard */,
				76739F592A319CAA0067E130 /* Info.plist */,
			);
			path = TodoApp;
			sourceTree = "<group>";
		};
/* End PBXGroup section */

/* Begin PBXNativeTarget section */
		76739F472A319CA90067E130 /* TodoApp */ = {
			isa = PBXNativeTarget;
			buildConfigurationList = 76739F5C2A319CAA0067E130 /* Build configuration list for PBXNativeTarget "TodoApp" */;
			buildPhases = (
				76739F442A319CA90067E130 /* Sources */,
				76739F452A319CA90067E130 /* Frameworks */,
				76739F462A319CA90067E130 /* Resources */,
			);
			buildRules = (
			);
			dependencies = (
			);
			name = TodoApp;
			packageProductDependencies = (
				761E95F72A41831A003D677E /* MultipartForm */,
				76536E2A2A80A97900716881 /* RxCocoa */,
				76536E2C2A80A97900716881 /* RxRelay */,
				76536E2E2A80A97900716881 /* RxSwift */,
			);
			productName = TodoApp;
			productReference = 76739F482A319CA90067E130 /* TodoApp.app */;
			productType = "com.apple.product-type.application";
		};
/* End PBXNativeTarget section */

/* Begin PBXProject section */
		76739F402A319CA90067E130 /* Project object */ = {
			isa = PBXProject;
			attributes = {
				BuildIndependentTargetsInParallel = 1;
				LastSwiftUpdateCheck = 1430;
				LastUpgradeCheck = 1430;
				TargetAttributes = {
					76739F472A319CA90067E130 = {
						CreatedOnToolsVersion = 14.3.1;
					};
				};
			};
			buildConfigurationList = 76739F432A319CA90067E130 /* Build configuration list for PBXProject "TodoApp" */;
			compatibilityVersion = "Xcode 14.0";
			developmentRegion = en;
			hasScannedForEncodings = 0;
			knownRegions = (
				en,
				Base,
			);
			mainGroup = 76739F3F2A319CA90067E130;
			packageReferences = (
				761E95F62A41831A003D677E /* XCRemoteSwiftPackageReference "MultipartForm" */,
				76536E292A80A97900716881 /* XCRemoteSwiftPackageReference "RxSwift" */,
			);
			productRefGroup = 76739F492A319CA90067E130 /* Products */;
			projectDirPath = "";
			projectRoot = "";
			targets = (
				76739F472A319CA90067E130 /* TodoApp */,
			);
		};
/* End PBXProject section */

/* Begin PBXResourcesBuildPhase section */
		76739F462A319CA90067E130 /* Resources */ = {
			isa = PBXResourcesBuildPhase;
			buildActionMask = 2147483647;
			files = (
				768BF70F2A457A51005B5E7C /* TodoTableViewCell.xib in Resources */,
				76739F582A319CAA0067E130 /* LaunchScreen.storyboard in Resources */,
				76739F552A319CAA0067E130 /* Assets.xcassets in Resources */,
				761E95FD2A4419A2003D677E /* Main.storyboard in Resources */,
			);
			runOnlyForDeploymentPostprocessing = 0;
		};
/* End PBXResourcesBuildPhase section */

/* Begin PBXSourcesBuildPhase section */
		76739F442A319CA90067E130 /* Sources */ = {
			isa = PBXSourcesBuildPhase;
			buildActionMask = 2147483647;
			files = (
				76536E312A80A98E00716881 /* TodosVM_Rx.swift in Sources */,
				76633F9E2A55369B0076B7CD /* ErrorResponse.swift in Sources */,
				76739F502A319CA90067E130 /* MainVC.swift in Sources */,
				76739F622A31A9100067E130 /* PlusVC.swift in Sources */,
				76739F662A36DB070067E130 /* TodosAPI.swift in Sources */,
				76739F642A36DA470067E130 /* TodoResponse.swift in Sources */,
				761E95FA2A42D3B7003D677E /* URLRequest+Ext.swift in Sources */,
				76739F722A36FB000067E130 /* ReuseIdentifiable.swift in Sources */,
				761E95FC2A440E67003D677E /* EditVC.swift in Sources */,
				76739F742A36FB210067E130 /* Nibbed.swift in Sources */,
				761E95EF2A41671E003D677E /* TodosVM_Closure.swift in Sources */,
				761E95F52A417FFA003D677E /* URL+Ext.swift in Sources */,
				76739F682A36DD360067E130 /* TodosAPI+Closure.swift in Sources */,
				768BF70E2A457A51005B5E7C /* TodoTableViewCell.swift in Sources */,
				76739F4C2A319CA90067E130 /* AppDelegate.swift in Sources */,
				76739F4E2A319CA90067E130 /* SceneDelegate.swift in Sources */,
			);
			runOnlyForDeploymentPostprocessing = 0;
		};
/* End PBXSourcesBuildPhase section */

/* Begin PBXVariantGroup section */
		76739F512A319CA90067E130 /* Main.storyboard */ = {
			isa = PBXVariantGroup;
			children = (
				76739F522A319CA90067E130 /* Base */,
			);
			name = Main.storyboard;
			sourceTree = "<group>";
		};
		76739F562A319CAA0067E130 /* LaunchScreen.storyboard */ = {
			isa = PBXVariantGroup;
			children = (
				76739F572A319CAA0067E130 /* Base */,
			);
			name = LaunchScreen.storyboard;
			sourceTree = "<group>";
		};
/* End PBXVariantGroup section */

/* Begin XCBuildConfiguration section */
		76739F5A2A319CAA0067E130 /* Debug */ = {
			isa = XCBuildConfiguration;
			buildSettings = {
				ALWAYS_SEARCH_USER_PATHS = NO;
				CLANG_ANALYZER_NONNULL = YES;
				CLANG_ANALYZER_NUMBER_OBJECT_CONVERSION = YES_AGGRESSIVE;
				CLANG_CXX_LANGUAGE_STANDARD = "gnu++20";
				CLANG_ENABLE_MODULES = YES;
				CLANG_ENABLE_OBJC_ARC = YES;
				CLANG_ENABLE_OBJC_WEAK = YES;
				CLANG_WARN_BLOCK_CAPTURE_AUTORELEASING = YES;
				CLANG_WARN_BOOL_CONVERSION = YES;
				CLANG_WARN_COMMA = YES;
				CLANG_WARN_CONSTANT_CONVERSION = YES;
				CLANG_WARN_DEPRECATED_OBJC_IMPLEMENTATIONS = YES;
				CLANG_WARN_DIRECT_OBJC_ISA_USAGE = YES_ERROR;
				CLANG_WARN_DOCUMENTATION_COMMENTS = YES;
				CLANG_WARN_EMPTY_BODY = YES;
				CLANG_WARN_ENUM_CONVERSION = YES;
				CLANG_WARN_INFINITE_RECURSION = YES;
				CLANG_WARN_INT_CONVERSION = YES;
				CLANG_WARN_NON_LITERAL_NULL_CONVERSION = YES;
				CLANG_WARN_OBJC_IMPLICIT_RETAIN_SELF = YES;
				CLANG_WARN_OBJC_LITERAL_CONVERSION = YES;
				CLANG_WARN_OBJC_ROOT_CLASS = YES_ERROR;
				CLANG_WARN_QUOTED_INCLUDE_IN_FRAMEWORK_HEADER = YES;
				CLANG_WARN_RANGE_LOOP_ANALYSIS = YES;
				CLANG_WARN_STRICT_PROTOTYPES = YES;
				CLANG_WARN_SUSPICIOUS_MOVE = YES;
				CLANG_WARN_UNGUARDED_AVAILABILITY = YES_AGGRESSIVE;
				CLANG_WARN_UNREACHABLE_CODE = YES;
				CLANG_WARN__DUPLICATE_METHOD_MATCH = YES;
				COPY_PHASE_STRIP = NO;
				DEBUG_INFORMATION_FORMAT = dwarf;
				ENABLE_STRICT_OBJC_MSGSEND = YES;
				ENABLE_TESTABILITY = YES;
				GCC_C_LANGUAGE_STANDARD = gnu11;
				GCC_DYNAMIC_NO_PIC = NO;
				GCC_NO_COMMON_BLOCKS = YES;
				GCC_OPTIMIZATION_LEVEL = 0;
				GCC_PREPROCESSOR_DEFINITIONS = (
					"DEBUG=1",
					"$(inherited)",
				);
				GCC_WARN_64_TO_32_BIT_CONVERSION = YES;
				GCC_WARN_ABOUT_RETURN_TYPE = YES_ERROR;
				GCC_WARN_UNDECLARED_SELECTOR = YES;
				GCC_WARN_UNINITIALIZED_AUTOS = YES_AGGRESSIVE;
				GCC_WARN_UNUSED_FUNCTION = YES;
				GCC_WARN_UNUSED_VARIABLE = YES;
				IPHONEOS_DEPLOYMENT_TARGET = 16.4;
				MTL_ENABLE_DEBUG_INFO = INCLUDE_SOURCE;
				MTL_FAST_MATH = YES;
				ONLY_ACTIVE_ARCH = YES;
				SDKROOT = iphoneos;
				SWIFT_ACTIVE_COMPILATION_CONDITIONS = DEBUG;
				SWIFT_OPTIMIZATION_LEVEL = "-Onone";
			};
			name = Debug;
		};
		76739F5B2A319CAA0067E130 /* Release */ = {
			isa = XCBuildConfiguration;
			buildSettings = {
				ALWAYS_SEARCH_USER_PATHS = NO;
				CLANG_ANALYZER_NONNULL = YES;
				CLANG_ANALYZER_NUMBER_OBJECT_CONVERSION = YES_AGGRESSIVE;
				CLANG_CXX_LANGUAGE_STANDARD = "gnu++20";
				CLANG_ENABLE_MODULES = YES;
				CLANG_ENABLE_OBJC_ARC = YES;
				CLANG_ENABLE_OBJC_WEAK = YES;
				CLANG_WARN_BLOCK_CAPTURE_AUTORELEASING = YES;
				CLANG_WARN_BOOL_CONVERSION = YES;
				CLANG_WARN_COMMA = YES;
				CLANG_WARN_CONSTANT_CONVERSION = YES;
				CLANG_WARN_DEPRECATED_OBJC_IMPLEMENTATIONS = YES;
				CLANG_WARN_DIRECT_OBJC_ISA_USAGE = YES_ERROR;
				CLANG_WARN_DOCUMENTATION_COMMENTS = YES;
				CLANG_WARN_EMPTY_BODY = YES;
				CLANG_WARN_ENUM_CONVERSION = YES;
				CLANG_WARN_INFINITE_RECURSION = YES;
				CLANG_WARN_INT_CONVERSION = YES;
				CLANG_WARN_NON_LITERAL_NULL_CONVERSION = YES;
				CLANG_WARN_OBJC_IMPLICIT_RETAIN_SELF = YES;
				CLANG_WARN_OBJC_LITERAL_CONVERSION = YES;
				CLANG_WARN_OBJC_ROOT_CLASS = YES_ERROR;
				CLANG_WARN_QUOTED_INCLUDE_IN_FRAMEWORK_HEADER = YES;
				CLANG_WARN_RANGE_LOOP_ANALYSIS = YES;
				CLANG_WARN_STRICT_PROTOTYPES = YES;
				CLANG_WARN_SUSPICIOUS_MOVE = YES;
				CLANG_WARN_UNGUARDED_AVAILABILITY = YES_AGGRESSIVE;
				CLANG_WARN_UNREACHABLE_CODE = YES;
				CLANG_WARN__DUPLICATE_METHOD_MATCH = YES;
				COPY_PHASE_STRIP = NO;
				DEBUG_INFORMATION_FORMAT = "dwarf-with-dsym";
				ENABLE_NS_ASSERTIONS = NO;
				ENABLE_STRICT_OBJC_MSGSEND = YES;
				GCC_C_LANGUAGE_STANDARD = gnu11;
				GCC_NO_COMMON_BLOCKS = YES;
				GCC_WARN_64_TO_32_BIT_CONVERSION = YES;
				GCC_WARN_ABOUT_RETURN_TYPE = YES_ERROR;
				GCC_WARN_UNDECLARED_SELECTOR = YES;
				GCC_WARN_UNINITIALIZED_AUTOS = YES_AGGRESSIVE;
				GCC_WARN_UNUSED_FUNCTION = YES;
				GCC_WARN_UNUSED_VARIABLE = YES;
				IPHONEOS_DEPLOYMENT_TARGET = 16.4;
				MTL_ENABLE_DEBUG_INFO = NO;
				MTL_FAST_MATH = YES;
				SDKROOT = iphoneos;
				SWIFT_COMPILATION_MODE = wholemodule;
				SWIFT_OPTIMIZATION_LEVEL = "-O";
				VALIDATE_PRODUCT = YES;
			};
			name = Release;
		};
		76739F5D2A319CAA0067E130 /* Debug */ = {
			isa = XCBuildConfiguration;
			buildSettings = {
				ASSETCATALOG_COMPILER_APPICON_NAME = AppIcon;
				ASSETCATALOG_COMPILER_GLOBAL_ACCENT_COLOR_NAME = AccentColor;
				CODE_SIGN_STYLE = Automatic;
				CURRENT_PROJECT_VERSION = 1;
				GENERATE_INFOPLIST_FILE = YES;
				INFOPLIST_FILE = TodoApp/Info.plist;
				INFOPLIST_KEY_UIApplicationSupportsIndirectInputEvents = YES;
				INFOPLIST_KEY_UILaunchStoryboardName = LaunchScreen;
				INFOPLIST_KEY_UIMainStoryboardFile = Main;
				INFOPLIST_KEY_UIStatusBarHidden = NO;
				INFOPLIST_KEY_UISupportedInterfaceOrientations = UIInterfaceOrientationPortrait;
				INFOPLIST_KEY_UISupportedInterfaceOrientations_iPad = "UIInterfaceOrientationLandscapeLeft UIInterfaceOrientationLandscapeRight UIInterfaceOrientationPortrait UIInterfaceOrientationPortraitUpsideDown";
				IPHONEOS_DEPLOYMENT_TARGET = 16.0;
				LD_RUNPATH_SEARCH_PATHS = (
					"$(inherited)",
					"@executable_path/Frameworks",
				);
				MARKETING_VERSION = 1.0;
				PRODUCT_BUNDLE_IDENTIFIER = com.rlaehgns745.TodoApp;
				PRODUCT_NAME = "$(TARGET_NAME)";
				SUPPORTED_PLATFORMS = "iphoneos iphonesimulator";
				SUPPORTS_MACCATALYST = NO;
				SUPPORTS_MAC_DESIGNED_FOR_IPHONE_IPAD = NO;
				SWIFT_EMIT_LOC_STRINGS = YES;
				SWIFT_VERSION = 5.0;
				TARGETED_DEVICE_FAMILY = 1;
			};
			name = Debug;
		};
		76739F5E2A319CAA0067E130 /* Release */ = {
			isa = XCBuildConfiguration;
			buildSettings = {
				ASSETCATALOG_COMPILER_APPICON_NAME = AppIcon;
				ASSETCATALOG_COMPILER_GLOBAL_ACCENT_COLOR_NAME = AccentColor;
				CODE_SIGN_STYLE = Automatic;
				CURRENT_PROJECT_VERSION = 1;
				GENERATE_INFOPLIST_FILE = YES;
				INFOPLIST_FILE = TodoApp/Info.plist;
				INFOPLIST_KEY_UIApplicationSupportsIndirectInputEvents = YES;
				INFOPLIST_KEY_UILaunchStoryboardName = LaunchScreen;
				INFOPLIST_KEY_UIMainStoryboardFile = Main;
				INFOPLIST_KEY_UIStatusBarHidden = NO;
				INFOPLIST_KEY_UISupportedInterfaceOrientations = UIInterfaceOrientationPortrait;
				INFOPLIST_KEY_UISupportedInterfaceOrientations_iPad = "UIInterfaceOrientationLandscapeLeft UIInterfaceOrientationLandscapeRight UIInterfaceOrientationPortrait UIInterfaceOrientationPortraitUpsideDown";
				IPHONEOS_DEPLOYMENT_TARGET = 16.0;
				LD_RUNPATH_SEARCH_PATHS = (
					"$(inherited)",
					"@executable_path/Frameworks",
				);
				MARKETING_VERSION = 1.0;
				PRODUCT_BUNDLE_IDENTIFIER = com.rlaehgns745.TodoApp;
				PRODUCT_NAME = "$(TARGET_NAME)";
				SUPPORTED_PLATFORMS = "iphoneos iphonesimulator";
				SUPPORTS_MACCATALYST = NO;
				SUPPORTS_MAC_DESIGNED_FOR_IPHONE_IPAD = NO;
				SWIFT_EMIT_LOC_STRINGS = YES;
				SWIFT_VERSION = 5.0;
				TARGETED_DEVICE_FAMILY = 1;
			};
			name = Release;
		};
/* End XCBuildConfiguration section */

/* Begin XCConfigurationList section */
		76739F432A319CA90067E130 /* Build configuration list for PBXProject "TodoApp" */ = {
			isa = XCConfigurationList;
			buildConfigurations = (
				76739F5A2A319CAA0067E130 /* Debug */,
				76739F5B2A319CAA0067E130 /* Release */,
			);
			defaultConfigurationIsVisible = 0;
			defaultConfigurationName = Release;
		};
		76739F5C2A319CAA0067E130 /* Build configuration list for PBXNativeTarget "TodoApp" */ = {
			isa = XCConfigurationList;
			buildConfigurations = (
				76739F5D2A319CAA0067E130 /* Debug */,
				76739F5E2A319CAA0067E130 /* Release */,
			);
			defaultConfigurationIsVisible = 0;
			defaultConfigurationName = Release;
		};
/* End XCConfigurationList section */

/* Begin XCRemoteSwiftPackageReference section */
		761E95F62A41831A003D677E /* XCRemoteSwiftPackageReference "MultipartForm" */ = {
			isa = XCRemoteSwiftPackageReference;
			repositoryURL = "https://github.com/davbeck/MultipartForm.git";
			requirement = {
				kind = upToNextMajorVersion;
				minimumVersion = 0.1.0;
			};
		};
		76536E292A80A97900716881 /* XCRemoteSwiftPackageReference "RxSwift" */ = {
			isa = XCRemoteSwiftPackageReference;
			repositoryURL = "https://github.com/ReactiveX/RxSwift.git";
			requirement = {
				branch = main;
				kind = branch;
			};
		};
/* End XCRemoteSwiftPackageReference section */

/* Begin XCSwiftPackageProductDependency section */
		761E95F72A41831A003D677E /* MultipartForm */ = {
			isa = XCSwiftPackageProductDependency;
			package = 761E95F62A41831A003D677E /* XCRemoteSwiftPackageReference "MultipartForm" */;
			productName = MultipartForm;
		};
		76536E2A2A80A97900716881 /* RxCocoa */ = {
			isa = XCSwiftPackageProductDependency;
			package = 76536E292A80A97900716881 /* XCRemoteSwiftPackageReference "RxSwift" */;
			productName = RxCocoa;
		};
		76536E2C2A80A97900716881 /* RxRelay */ = {
			isa = XCSwiftPackageProductDependency;
			package = 76536E292A80A97900716881 /* XCRemoteSwiftPackageReference "RxSwift" */;
			productName = RxRelay;
		};
		76536E2E2A80A97900716881 /* RxSwift */ = {
			isa = XCSwiftPackageProductDependency;
			package = 76536E292A80A97900716881 /* XCRemoteSwiftPackageReference "RxSwift" */;
			productName = RxSwift;
		};
/* End XCSwiftPackageProductDependency section */
	};
	rootObject = 76739F402A319CA90067E130 /* Project object */;
}
